
Microsoft Visual Studio Solution File, Format Version 12.00
# Visual Studio Version 17
VisualStudioVersion = 17.7.34024.191
MinimumVisualStudioVersion = 10.0.40219.1
Project("{9A19103F-16F7-4668-BE54-9A1E7A4F7556}") = "BNKEditor", "BNKEditor\BNKEditor.csproj", "{5F681DE2-E9FF-44E2-8356-52735D87CC1E}"
EndProject
Project("{9A19103F-16F7-4668-BE54-9A1E7A4F7556}") = "SoundbankEditorTests", "BNKEditorTests\SoundbankEditorTests.csproj", "{F21834D4-C487-4C87-88D0-B562C81EE669}"
EndProject
Project("{9A19103F-16F7-4668-BE54-9A1E7A4F7556}") = "SoundbankEditorCore", "SoundbankEditorCore\SoundbankEditorCore.csproj", "{CB849CB6-CEF5-4561-8644-BAF1C720F9AA}"
EndProject
Project("{9A19103F-16F7-4668-BE54-9A1E7A4F7556}") = "SoundbankEditor", "SoundbankEditor\SoundbankEditor.csproj", "{B0202B52-10A3-4BEA-BA81-C992D786597D}"
EndProject
Global
	GlobalSection(SolutionConfigurationPlatforms) = preSolution
		Debug|Any CPU = Debug|Any CPU
		Release|Any CPU = Release|Any CPU
	EndGlobalSection
	GlobalSection(ProjectConfigurationPlatforms) = postSolution
		{5F681DE2-E9FF-44E2-8356-52735D87CC1E}.Debug|Any CPU.ActiveCfg = Debug|Any CPU
		{5F681DE2-E9FF-44E2-8356-52735D87CC1E}.Debug|Any CPU.Build.0 = Debug|Any CPU
		{5F681DE2-E9FF-44E2-8356-52735D87CC1E}.Release|Any CPU.ActiveCfg = Release|Any CPU
		{5F681DE2-E9FF-44E2-8356-52735D87CC1E}.Release|Any CPU.Build.0 = Release|Any CPU
		{F21834D4-C487-4C87-88D0-B562C81EE669}.Debug|Any CPU.ActiveCfg = Debug|Any CPU
		{F21834D4-C487-4C87-88D0-B562C81EE669}.Debug|Any CPU.Build.0 = Debug|Any CPU
		{F21834D4-C487-4C87-88D0-B562C81EE669}.Release|Any CPU.ActiveCfg = Release|Any CPU
		{F21834D4-C487-4C87-88D0-B562C81EE669}.Release|Any CPU.Build.0 = Release|Any CPU
		{CB849CB6-CEF5-4561-8644-BAF1C720F9AA}.Debug|Any CPU.ActiveCfg = Debug|Any CPU
		{CB849CB6-CEF5-4561-8644-BAF1C720F9AA}.Debug|Any CPU.Build.0 = Debug|Any CPU
		{CB849CB6-CEF5-4561-8644-BAF1C720F9AA}.Release|Any CPU.ActiveCfg = Release|Any CPU
		{CB849CB6-CEF5-4561-8644-BAF1C720F9AA}.Release|Any CPU.Build.0 = Release|Any CPU
		{B0202B52-10A3-4BEA-BA81-C992D786597D}.Debug|Any CPU.ActiveCfg = Debug|Any CPU
		{B0202B52-10A3-4BEA-BA81-C992D786597D}.Debug|Any CPU.Build.0 = Debug|Any CPU
		{B0202B52-10A3-4BEA-BA81-C992D786597D}.Release|Any CPU.ActiveCfg = Release|Any CPU
		{B0202B52-10A3-4BEA-BA81-C992D786597D}.Release|Any CPU.Build.0 = Release|Any CPU
	EndGlobalSection
	GlobalSection(SolutionProperties) = preSolution
		HideSolutionNode = FALSE
	EndGlobalSection
	GlobalSection(ExtensibilityGlobals) = postSolution
		SolutionGuid = {9BA1E176-DA12-4275-B9FD-6DD9B61152ED}
	EndGlobalSection
EndGlobal
